#MicroXplorer Configuration settings - do not modify
Mcu.Family=STM32L4
RCC.MSI_VALUE=4000000
ProjectManager.MainLocation=Core/Src
RCC.PLLQoutputFreq_Value=16000000
ProjectManager.ProjectFileName=trial2.ioc
RCC.SAI1Freq_Value=4571428.571428572
SH.S_TIM2_CH1.0=TIM2_CH1,Input_Capture1_from_TI1
TIM2.Channel-Input_Capture1_from_TI1=TIM_CHANNEL_1
ProjectManager.KeepUserCode=true
Mcu.UserName=STM32L432KCUx
PA10.Mode=Asynchronous
Mcu.PinsNb=7
ProjectManager.NoMain=false
RCC.PLLSAI1RoutputFreq_Value=16000000
ProjectManager.functionlistsort=1-MX_GPIO_Init-GPIO-false-HAL-true,2-SystemClock_Config-RCC-false-HAL-false,3-MX_TIM2_Init-TIM2-false-HAL-true,4-MX_USART1_UART_Init-USART1-false-HAL-true
ProjectManager.DefaultFWLocation=true
ProjectManager.DeletePrevious=true
USART1.IPParameters=VirtualMode-Asynchronous
PinOutPanel.RotationAngle=0
RCC.FamilyName=M
ProjectManager.StackSize=0x400
USART1.VirtualMode-Asynchronous=VM_ASYNC
Mcu.IP4=USART1
Mcu.IP2=SYS
NVIC.SVCall_IRQn=true\:0\:0\:false\:false\:true\:false\:false
Mcu.IP3=TIM2
Mcu.IP0=NVIC
Mcu.IP1=RCC
PA9.Mode=Asynchronous
Mcu.UserConstants=
RCC.VCOSAI1OutputFreq_Value=32000000
TIM2.ICPolarity_CH1=TIM_INPUTCHANNELPOLARITY_BOTHEDGE
ProjectManager.TargetToolchain=MDK-ARM V5
Mcu.ThirdPartyNb=0
Mcu.IPNb=5
TIM2.IPParameters=Channel-Input_Capture1_from_TI1,ICPolarity_CH1
ProjectManager.PreviousToolchain=
PA9.Signal=USART1_TX
PB5.Locked=true
Mcu.Pin6=VP_TIM2_VS_ClockSourceINT
VP_TIM2_VS_ClockSourceINT.Signal=TIM2_VS_ClockSourceINT
ProjectManager.RegisterCallBack=
RCC.LSE_VALUE=32768
PA1.Signal=GPIO_Output
RCC.PLLSAI1PoutputFreq_Value=4571428.571428572
Mcu.Pin0=PA0
Mcu.Pin1=PA1
GPIO.groupedBy=
Mcu.Pin2=PA9
Mcu.Pin3=PA10
Mcu.Pin4=PB5
Mcu.Pin5=VP_SYS_VS_Systick
ProjectManager.ProjectBuild=false
RCC.HSE_VALUE=8000000
NVIC.UsageFault_IRQn=true\:0\:0\:false\:false\:true\:false\:false
NVIC.DebugMonitor_IRQn=true\:0\:0\:false\:false\:true\:false\:false
board=custom
RCC.VCOOutputFreq_Value=32000000
NVIC.SysTick_IRQn=true\:0\:0\:false\:false\:true\:false\:true
ProjectManager.LastFirmware=true
ProjectManager.FirmwarePackage=STM32Cube FW_L4 V1.16.0
MxDb.Version=DB.6.0.10
ProjectManager.BackupPrevious=false
MxCube.Version=6.1.1
RCC.VCOInputFreq_Value=4000000
VP_TIM2_VS_ClockSourceINT.Mode=Internal
RCC.PLLSAI1QoutputFreq_Value=16000000
NVIC.TIM2_IRQn=true\:0\:0\:false\:false\:true\:true\:true
File.Version=6
VP_SYS_VS_Systick.Mode=SysTick
SH.S_TIM2_CH1.ConfNb=1
NVIC.NonMaskableInt_IRQn=true\:0\:0\:false\:false\:true\:false\:false
RCC.PLLRCLKFreq_Value=16000000
NVIC.PendSV_IRQn=true\:0\:0\:false\:false\:true\:false\:false
ProjectManager.FreePins=false
RCC.IPParameters=FamilyName,HSE_VALUE,HSI48_VALUE,HSI_VALUE,LSCOPinFreq_Value,LSE_VALUE,LSI_VALUE,MSI_VALUE,PLLPoutputFreq_Value,PLLQoutputFreq_Value,PLLRCLKFreq_Value,PLLSAI1PoutputFreq_Value,PLLSAI1QoutputFreq_Value,PLLSAI1RoutputFreq_Value,SAI1Freq_Value,VCOInputFreq_Value,VCOOutputFreq_Value,VCOSAI1OutputFreq_Value
ProjectManager.AskForMigrate=true
Mcu.Name=STM32L432K(B-C)Ux
ProjectManager.HalAssertFull=false
ProjectManager.ProjectName=trial2
ProjectManager.UnderRoot=false
PA0.Signal=S_TIM2_CH1
ProjectManager.CoupleFile=false
PB5.Signal=GPIO_Output
Mcu.Package=UFQFPN32
PA1.Locked=true
NVIC.ForceEnableDMAVector=true
KeepUserPlacement=false
NVIC.MemoryManagement_IRQn=true\:0\:0\:false\:false\:true\:false\:false
ProjectManager.CompilerOptimize=6
ProjectManager.ToolChainLocation=
RCC.LSI_VALUE=32000
VP_SYS_VS_Systick.Signal=SYS_VS_Systick
RCC.LSCOPinFreq_Value=32000
PA10.Signal=USART1_RX
ProjectManager.HeapSize=0x200
NVIC.HardFault_IRQn=true\:0\:0\:false\:false\:true\:false\:false
ProjectManager.ComputerToolchain=false
RCC.HSI_VALUE=16000000
NVIC.PriorityGroup=NVIC_PRIORITYGROUP_4
RCC.PLLPoutputFreq_Value=4571428.571428572
NVIC.BusFault_IRQn=true\:0\:0\:false\:false\:true\:false\:false
ProjectManager.CustomerFirmwarePackage=
ProjectManager.DeviceId=STM32L432KCUx
ProjectManager.LibraryCopy=0
RCC.HSI48_VALUE=48000000
